
Microsoft Visual Studio Solution File, Format Version 12.00
# Visual Studio Version 16
VisualStudioVersion = 16.0.30204.135
MinimumVisualStudioVersion = 10.0.40219.1
Project("{FAE04EC0-301F-11D3-BF4B-00C04F79EFBC}") = "BigInt", "BigInt\BigInt.csproj", "{51ADABAB-5ABC-45E3-A096-796558C3318C}"
EndProject
Project("{FAE04EC0-301F-11D3-BF4B-00C04F79EFBC}") = "RSAEnrypter", "RSAEnrypter\RSAEnrypter.csproj", "{CDA24798-F69B-4BBA-8BF2-1107DD790246}"
EndProject
Project("{FAE04EC0-301F-11D3-BF4B-00C04F79EFBC}") = "Tests", "Tests\Tests.csproj", "{4D678A11-D500-4FAF-A659-1884B877723A}"
EndProject
Global
	GlobalSection(SolutionConfigurationPlatforms) = preSolution
		Debug|Any CPU = Debug|Any CPU
		Release|Any CPU = Release|Any CPU
	EndGlobalSection
	GlobalSection(ProjectConfigurationPlatforms) = postSolution
		{51ADABAB-5ABC-45E3-A096-796558C3318C}.Debug|Any CPU.ActiveCfg = Debug|Any CPU
		{51ADABAB-5ABC-45E3-A096-796558C3318C}.Debug|Any CPU.Build.0 = Debug|Any CPU
		{51ADABAB-5ABC-45E3-A096-796558C3318C}.Release|Any CPU.ActiveCfg = Release|Any CPU
		{51ADABAB-5ABC-45E3-A096-796558C3318C}.Release|Any CPU.Build.0 = Release|Any CPU
		{CDA24798-F69B-4BBA-8BF2-1107DD790246}.Debug|Any CPU.ActiveCfg = Debug|Any CPU
		{CDA24798-F69B-4BBA-8BF2-1107DD790246}.Debug|Any CPU.Build.0 = Debug|Any CPU
		{CDA24798-F69B-4BBA-8BF2-1107DD790246}.Release|Any CPU.ActiveCfg = Release|Any CPU
		{CDA24798-F69B-4BBA-8BF2-1107DD790246}.Release|Any CPU.Build.0 = Release|Any CPU
		{4D678A11-D500-4FAF-A659-1884B877723A}.Debug|Any CPU.ActiveCfg = Debug|Any CPU
		{4D678A11-D500-4FAF-A659-1884B877723A}.Debug|Any CPU.Build.0 = Debug|Any CPU
		{4D678A11-D500-4FAF-A659-1884B877723A}.Release|Any CPU.ActiveCfg = Release|Any CPU
		{4D678A11-D500-4FAF-A659-1884B877723A}.Release|Any CPU.Build.0 = Release|Any CPU
	EndGlobalSection
	GlobalSection(SolutionProperties) = preSolution
		HideSolutionNode = FALSE
	EndGlobalSection
	GlobalSection(ExtensibilityGlobals) = postSolution
		SolutionGuid = {3063EC30-06BB-4AFA-9CFB-D5F25F0E9ED6}
	EndGlobalSection
EndGlobal
